Microsoft Visual Studio Solution File, Format Version 11.00
# Visual Studio 2008

Project("{DCBDC11D-FB21-FC97-1112-3DF5DA8424B8}") = "Robot Evolution", "Assembly-CSharp-firstpass.csproj", "{C81DD597-D1BA-095F-DC6D-3BFB99829651}"
EndProject
Project("{DCBDC11D-FB21-FC97-1112-3DF5DA8424B8}") = "Robot Evolution", "Assembly-CSharp.csproj", "{C8233B0D-91AA-54AF-9A67-77BE519A75A4}"
EndProject
Project("{DCBDC11D-FB21-FC97-1112-3DF5DA8424B8}") = "Robot Evolution", "Assembly-CSharp-Editor.csproj", "{23F26A67-AE48-7EB6-406D-388D4893A434}"
EndProject
Global
	GlobalSection(SolutionConfigurationPlatforms) = preSolution
		Debug|Any CPU = Debug|Any CPU
		Release|Any CPU = Release|Any CPU
	EndGlobalSection
	GlobalSection(ProjectConfigurationPlatforms) = postSolution
		{C81DD597-D1BA-095F-DC6D-3BFB99829651}.Debug|Any CPU.ActiveCfg = Debug|Any CPU
		{C81DD597-D1BA-095F-DC6D-3BFB99829651}.Debug|Any CPU.Build.0 = Debug|Any CPU
		{C81DD597-D1BA-095F-DC6D-3BFB99829651}.Release|Any CPU.ActiveCfg = Release|Any CPU
		{C81DD597-D1BA-095F-DC6D-3BFB99829651}.Release|Any CPU.Build.0 = Release|Any CPU
		{C8233B0D-91AA-54AF-9A67-77BE519A75A4}.Debug|Any CPU.ActiveCfg = Debug|Any CPU
		{C8233B0D-91AA-54AF-9A67-77BE519A75A4}.Debug|Any CPU.Build.0 = Debug|Any CPU
		{C8233B0D-91AA-54AF-9A67-77BE519A75A4}.Release|Any CPU.ActiveCfg = Release|Any CPU
		{C8233B0D-91AA-54AF-9A67-77BE519A75A4}.Release|Any CPU.Build.0 = Release|Any CPU
		{23F26A67-AE48-7EB6-406D-388D4893A434}.Debug|Any CPU.ActiveCfg = Debug|Any CPU
		{23F26A67-AE48-7EB6-406D-388D4893A434}.Debug|Any CPU.Build.0 = Debug|Any CPU
		{23F26A67-AE48-7EB6-406D-388D4893A434}.Release|Any CPU.ActiveCfg = Release|Any CPU
		{23F26A67-AE48-7EB6-406D-388D4893A434}.Release|Any CPU.Build.0 = Release|Any CPU
	EndGlobalSection
	GlobalSection(SolutionProperties) = preSolution
		HideSolutionNode = FALSE
	EndGlobalSection
	GlobalSection(MonoDevelopProperties) = preSolution
		StartupItem = Assembly-CSharp.csproj
	EndGlobalSection
EndGlobal
