
Microsoft Visual Studio Solution File, Format Version 12.00
# Visual Studio 2015
Project("{FAE04EC0-301F-11D3-BF4B-00C04F79EFBC}") = "Robot Evolution.CSharp.Plugins", "Robot Evolution.CSharp.Plugins.csproj", "{251CB8EA-78FD-D1AA-1A64-0FDEF24083DE}"
EndProject
Project("{FAE04EC0-301F-11D3-BF4B-00C04F79EFBC}") = "Robot Evolution.CSharp", "Robot Evolution.CSharp.csproj", "{ADAF2ABD-710F-BEA6-3C52-F24B48420071}"
EndProject
Project("{FAE04EC0-301F-11D3-BF4B-00C04F79EFBC}") = "Robot Evolution.CSharp.Editor", "Robot Evolution.CSharp.Editor.csproj", "{AD5D96CD-EC63-0344-1832-CA66B51F1E2C}"
EndProject
Global
	GlobalSection(SolutionConfigurationPlatforms) = preSolution
		Debug|Any CPU = Debug|Any CPU
		Release|Any CPU = Release|Any CPU
	EndGlobalSection
	GlobalSection(ProjectConfigurationPlatforms) = postSolution
		{251CB8EA-78FD-D1AA-1A64-0FDEF24083DE}.Debug|Any CPU.ActiveCfg = Debug|Any CPU
		{251CB8EA-78FD-D1AA-1A64-0FDEF24083DE}.Debug|Any CPU.Build.0 = Debug|Any CPU
		{251CB8EA-78FD-D1AA-1A64-0FDEF24083DE}.Release|Any CPU.ActiveCfg = Release|Any CPU
		{251CB8EA-78FD-D1AA-1A64-0FDEF24083DE}.Release|Any CPU.Build.0 = Release|Any CPU
		{ADAF2ABD-710F-BEA6-3C52-F24B48420071}.Debug|Any CPU.ActiveCfg = Debug|Any CPU
		{ADAF2ABD-710F-BEA6-3C52-F24B48420071}.Debug|Any CPU.Build.0 = Debug|Any CPU
		{ADAF2ABD-710F-BEA6-3C52-F24B48420071}.Release|Any CPU.ActiveCfg = Release|Any CPU
		{ADAF2ABD-710F-BEA6-3C52-F24B48420071}.Release|Any CPU.Build.0 = Release|Any CPU
		{AD5D96CD-EC63-0344-1832-CA66B51F1E2C}.Debug|Any CPU.ActiveCfg = Debug|Any CPU
		{AD5D96CD-EC63-0344-1832-CA66B51F1E2C}.Debug|Any CPU.Build.0 = Debug|Any CPU
		{AD5D96CD-EC63-0344-1832-CA66B51F1E2C}.Release|Any CPU.ActiveCfg = Release|Any CPU
		{AD5D96CD-EC63-0344-1832-CA66B51F1E2C}.Release|Any CPU.Build.0 = Release|Any CPU
	EndGlobalSection
	GlobalSection(SolutionProperties) = preSolution
		HideSolutionNode = FALSE
	EndGlobalSection
EndGlobal
